# @generated by Move, please check-in and do not edit manually.

[move]
version = 2
manifest_digest = "E53B743222C74F52883B1268EDDF6005C14C74FEA2CBBB18AB73A6A7576AC3F3"
deps_digest = "F8BBB0CCB2491CA29A3DF03D6F92277A4F3574266507ACD77214D37ECA3F3082"
dependencies = [
  { name = "Sui" },
]

[[move.package]]
name = "MoveStdlib"
source = { git = "https://github.com/MystenLabs/sui.git", rev = "framework/testnet", subdir = "crates\\sui-framework\\packages\\move-stdlib" }

[[move.package]]
name = "Sui"
source = { git = "https://github.com/MystenLabs/sui.git", rev = "framework/testnet", subdir = "crates/sui-framework/packages/sui-framework" }

dependencies = [
  { name = "MoveStdlib" },
]

[move.toolchain-version]
compiler-version = "1.25.0"
edition = "legacy"
flavor = "sui"

[env]

[env.devnet]
chain-id = "b3f81552"
original-published-id = "0x057c09954d66fbac812e61f165a48e0e201f86b07abab3ae15698785986c55fc"
latest-published-id = "0x057c09954d66fbac812e61f165a48e0e201f86b07abab3ae15698785986c55fc"
published-version = "1"
